// !$*UTF8*$!
{
	archiveVersion = 1;
	classes = {
	};
	objectVersion = 46;
	objects = {

/* Begin PBXBuildFile section */
		1B129AF719DD661500EAE0DC /* main.m in Sources */ = {isa = PBXBuildFile; fileRef = 1B129AF619DD661500EAE0DC /* main.m */; };
		1B129AFA19DD661500EAE0DC /* AppDelegate.m in Sources */ = {isa = PBXBuildFile; fileRef = 1B129AF919DD661500EAE0DC /* AppDelegate.m */; };
		1B129B1119DD661500EAE0DC /* CuteRunTests.m in Sources */ = {isa = PBXBuildFile; fileRef = 1B129B1019DD661500EAE0DC /* CuteRunTests.m */; };
		1B25BF0419DD66E200CC32BC /* CoreFoundation.framework in Frameworks */ = {isa = PBXBuildFile; fileRef = 1B25BF0119DD66C600CC32BC /* CoreFoundation.framework */; };
		1B25BF0519DD66E200CC32BC /* CoreLocation.framework in Frameworks */ = {isa = PBXBuildFile; fileRef = 1B25BEFF19DD66C200CC32BC /* CoreLocation.framework */; };
		1B25BF0619DD66E200CC32BC /* CoreMotion.framework in Frameworks */ = {isa = PBXBuildFile; fileRef = 1B25BEFD19DD66BD00CC32BC /* CoreMotion.framework */; };
		1B25BF0719DD66E200CC32BC /* UIKit.framework in Frameworks */ = {isa = PBXBuildFile; fileRef = 1B25BEFB19DD66B600CC32BC /* UIKit.framework */; };
		1B25BF1519DE4BD100CC32BC /* RECommonFunctions.m in Sources */ = {isa = PBXBuildFile; fileRef = 1B25BF0F19DE4BD100CC32BC /* RECommonFunctions.m */; };
		1B25BF1619DE4BD100CC32BC /* RESideMenu.m in Sources */ = {isa = PBXBuildFile; fileRef = 1B25BF1119DE4BD100CC32BC /* RESideMenu.m */; };
		1B25BF1719DE4BD100CC32BC /* UIViewController+RESideMenu.m in Sources */ = {isa = PBXBuildFile; fileRef = 1B25BF1319DE4BD100CC32BC /* UIViewController+RESideMenu.m */; };
		1B25BF1C19DE4CA100CC32BC /* ZLLeftMenuViewController.m in Sources */ = {isa = PBXBuildFile; fileRef = 1B25BF1919DE4CA100CC32BC /* ZLLeftMenuViewController.m */; };
		1B25BF1D19DE4CA100CC32BC /* ZLStepCountingViewController.m in Sources */ = {isa = PBXBuildFile; fileRef = 1B25BF1B19DE4CA100CC32BC /* ZLStepCountingViewController.m */; };
		1B25BF1F19DE83A500CC32BC /* Images.xcassets in Resources */ = {isa = PBXBuildFile; fileRef = 1B25BF1E19DE83A500CC32BC /* Images.xcassets */; };
		1B25BF2719DE879700CC32BC /* MDRadialProgressLabel.m in Sources */ = {isa = PBXBuildFile; fileRef = 1B25BF2219DE879700CC32BC /* MDRadialProgressLabel.m */; };
		1B25BF2819DE879700CC32BC /* MDRadialProgressTheme.m in Sources */ = {isa = PBXBuildFile; fileRef = 1B25BF2419DE879700CC32BC /* MDRadialProgressTheme.m */; };
		1B25BF2919DE879700CC32BC /* MDRadialProgressView.m in Sources */ = {isa = PBXBuildFile; fileRef = 1B25BF2619DE879700CC32BC /* MDRadialProgressView.m */; };
		1B25BF3E19DEA09600CC32BC /* UIView+CTExtensions.m in Sources */ = {isa = PBXBuildFile; fileRef = 1B25BF3D19DEA09600CC32BC /* UIView+CTExtensions.m */; };
		1B25BF4119DEA0B500CC32BC /* ZLViewController.m in Sources */ = {isa = PBXBuildFile; fileRef = 1B25BF4019DEA0B500CC32BC /* ZLViewController.m */; };
		1B25BF4419DEA25E00CC32BC /* UIColor+CTExtensions.m in Sources */ = {isa = PBXBuildFile; fileRef = 1B25BF4319DEA25E00CC32BC /* UIColor+CTExtensions.m */; };
		1B25BF4E19DECDB700CC32BC /* ZLDevice.m in Sources */ = {isa = PBXBuildFile; fileRef = 1B25BF4D19DECDB700CC32BC /* ZLDevice.m */; };
		1B4282D119DFE38C005DB9A3 /* ZLStepCountingViewController.xib in Resources */ = {isa = PBXBuildFile; fileRef = 1B4282D019DFE38C005DB9A3 /* ZLStepCountingViewController.xib */; };
		1B4282DA19E00A9F005DB9A3 /* ZLPlayPauseView.m in Sources */ = {isa = PBXBuildFile; fileRef = 1B4282D919E00A9F005DB9A3 /* ZLPlayPauseView.m */; };
		1B4282E119E0E243005DB9A3 /* ZLAccelerometerManager.m in Sources */ = {isa = PBXBuildFile; fileRef = 1B4282E019E0E243005DB9A3 /* ZLAccelerometerManager.m */; };
		1B4282E519E0F29C005DB9A3 /* ZLStepsCountDataModel.m in Sources */ = {isa = PBXBuildFile; fileRef = 1B4282E419E0F29C005DB9A3 /* ZLStepsCountDataModel.m */; };
		1B4282EF19E260DC005DB9A3 /* ZLLocationManager.m in Sources */ = {isa = PBXBuildFile; fileRef = 1B4282EE19E260DC005DB9A3 /* ZLLocationManager.m */; };
		1B4282F119E26655005DB9A3 /* CoreGraphics.framework in Frameworks */ = {isa = PBXBuildFile; fileRef = 1B4282F019E26654005DB9A3 /* CoreGraphics.framework */; };
		1B42830219E3DCC2005DB9A3 /* FileUtil.m in Sources */ = {isa = PBXBuildFile; fileRef = 1B42830119E3DCC2005DB9A3 /* FileUtil.m */; };
		1B42830519E3E4DB005DB9A3 /* ZLUserInfoDataModel.m in Sources */ = {isa = PBXBuildFile; fileRef = 1B42830419E3E4DB005DB9A3 /* ZLUserInfoDataModel.m */; };
		1B42831419E4C05C005DB9A3 /* ZLNaviBackgroundView.m in Sources */ = {isa = PBXBuildFile; fileRef = 1B42831119E4C05C005DB9A3 /* ZLNaviBackgroundView.m */; };
		1B42831A19E4C2E4005DB9A3 /* ZLSystemParameterUtil.m in Sources */ = {isa = PBXBuildFile; fileRef = 1B42831919E4C2E4005DB9A3 /* ZLSystemParameterUtil.m */; };
		1B42832119E4C903005DB9A3 /* ZLView.m in Sources */ = {isa = PBXBuildFile; fileRef = 1B42832019E4C902005DB9A3 /* ZLView.m */; };
		1B42833819E4D8A0005DB9A3 /* NSArray+CTExtensions.m in Sources */ = {isa = PBXBuildFile; fileRef = 1B42832519E4D8A0005DB9A3 /* NSArray+CTExtensions.m */; };
		1B42833919E4D8A0005DB9A3 /* NSData+CTExtensions.m in Sources */ = {isa = PBXBuildFile; fileRef = 1B42832719E4D8A0005DB9A3 /* NSData+CTExtensions.m */; };
		1B42833A19E4D8A0005DB9A3 /* NSDate+CTExtensions.m in Sources */ = {isa = PBXBuildFile; fileRef = 1B42832919E4D8A0005DB9A3 /* NSDate+CTExtensions.m */; };
		1B42833B19E4D8A0005DB9A3 /* NSDictionary+CTExtensions.m in Sources */ = {isa = PBXBuildFile; fileRef = 1B42832B19E4D8A0005DB9A3 /* NSDictionary+CTExtensions.m */; };
		1B42833D19E4D8A0005DB9A3 /* NSInvocation+CTExtensions.m in Sources */ = {isa = PBXBuildFile; fileRef = 1B42832F19E4D8A0005DB9A3 /* NSInvocation+CTExtensions.m */; };
		1B42833E19E4D8A0005DB9A3 /* NSNotificationCenter+CTExtensions.m in Sources */ = {isa = PBXBuildFile; fileRef = 1B42833119E4D8A0005DB9A3 /* NSNotificationCenter+CTExtensions.m */; };
		1B42834019E4D8A0005DB9A3 /* NSString+CTExtensions.m in Sources */ = {isa = PBXBuildFile; fileRef = 1B42833519E4D8A0005DB9A3 /* NSString+CTExtensions.m */; };
		1B42834119E4D8A0005DB9A3 /* NSURL+CTExtensions.m in Sources */ = {isa = PBXBuildFile; fileRef = 1B42833719E4D8A0005DB9A3 /* NSURL+CTExtensions.m */; };
		1B42834719E5219D005DB9A3 /* DRNRealTimeBlurView.m in Sources */ = {isa = PBXBuildFile; fileRef = 1B42834419E5219D005DB9A3 /* DRNRealTimeBlurView.m */; };
		1B42834819E5219D005DB9A3 /* UIImage+BoxBlur.m in Sources */ = {isa = PBXBuildFile; fileRef = 1B42834619E5219D005DB9A3 /* UIImage+BoxBlur.m */; };
		1B42834C19E683D7005DB9A3 /* ZLUserRegistView.m in Sources */ = {isa = PBXBuildFile; fileRef = 1B42834A19E683D7005DB9A3 /* ZLUserRegistView.m */; };
		310AE65BEB164825A43188A8 /* libPods.a in Frameworks */ = {isa = PBXBuildFile; fileRef = C38429C7C31343B193CA44FA /* libPods.a */; };
/* End PBXBuildFile section */

/* Begin PBXContainerItemProxy section */
		1B129B0B19DD661500EAE0DC /* PBXContainerItemProxy */ = {
			isa = PBXContainerItemProxy;
			containerPortal = 1B129AE919DD661400EAE0DC /* Project object */;
			proxyType = 1;
			remoteGlobalIDString = 1B129AF019DD661400EAE0DC;
			remoteInfo = CuteRun;
		};
/* End PBXContainerItemProxy section */

/* Begin PBXFileReference section */
		1B129AF119DD661400EAE0DC /* CuteRun.app */ = {isa = PBXFileReference; explicitFileType = wrapper.application; includeInIndex = 0; path = CuteRun.app; sourceTree = BUILT_PRODUCTS_DIR; };
		1B129AF519DD661500EAE0DC /* Info.plist */ = {isa = PBXFileReference; lastKnownFileType = text.plist.xml; path = Info.plist; sourceTree = "<group>"; };
		1B129AF619DD661500EAE0DC /* main.m */ = {isa = PBXFileReference; lastKnownFileType = sourcecode.c.objc; path = main.m; sourceTree = "<group>"; };
		1B129AF819DD661500EAE0DC /* AppDelegate.h */ = {isa = PBXFileReference; lastKnownFileType = sourcecode.c.h; path = AppDelegate.h; sourceTree = "<group>"; };
		1B129AF919DD661500EAE0DC /* AppDelegate.m */ = {isa = PBXFileReference; lastKnownFileType = sourcecode.c.objc; path = AppDelegate.m; sourceTree = "<group>"; };
		1B129B0A19DD661500EAE0DC /* CuteRunTests.xctest */ = {isa = PBXFileReference; explicitFileType = wrapper.cfbundle; includeInIndex = 0; path = CuteRunTests.xctest; sourceTree = BUILT_PRODUCTS_DIR; };
		1B129B0F19DD661500EAE0DC /* Info.plist */ = {isa = PBXFileReference; lastKnownFileType = text.plist.xml; path = Info.plist; sourceTree = "<group>"; };
		1B129B1019DD661500EAE0DC /* CuteRunTests.m */ = {isa = PBXFileReference; lastKnownFileType = sourcecode.c.objc; path = CuteRunTests.m; sourceTree = "<group>"; };
		1B25BEFB19DD66B600CC32BC /* UIKit.framework */ = {isa = PBXFileReference; lastKnownFileType = wrapper.framework; name = UIKit.framework; path = System/Library/Frameworks/UIKit.framework; sourceTree = SDKROOT; };
		1B25BEFD19DD66BD00CC32BC /* CoreMotion.framework */ = {isa = PBXFileReference; lastKnownFileType = wrapper.framework; name = CoreMotion.framework; path = System/Library/Frameworks/CoreMotion.framework; sourceTree = SDKROOT; };
		1B25BEFF19DD66C200CC32BC /* CoreLocation.framework */ = {isa = PBXFileReference; lastKnownFileType = wrapper.framework; name = CoreLocation.framework; path = System/Library/Frameworks/CoreLocation.framework; sourceTree = SDKROOT; };
		1B25BF0119DD66C600CC32BC /* CoreFoundation.framework */ = {isa = PBXFileReference; lastKnownFileType = wrapper.framework; name = CoreFoundation.framework; path = System/Library/Frameworks/CoreFoundation.framework; sourceTree = SDKROOT; };
		1B25BF0E19DE4BD100CC32BC /* RECommonFunctions.h */ = {isa = PBXFileReference; fileEncoding = 4; lastKnownFileType = sourcecode.c.h; path = RECommonFunctions.h; sourceTree = "<group>"; };
		1B25BF0F19DE4BD100CC32BC /* RECommonFunctions.m */ = {isa = PBXFileReference; fileEncoding = 4; lastKnownFileType = sourcecode.c.objc; path = RECommonFunctions.m; sourceTree = "<group>"; };
		1B25BF1019DE4BD100CC32BC /* RESideMenu.h */ = {isa = PBXFileReference; fileEncoding = 4; lastKnownFileType = sourcecode.c.h; path = RESideMenu.h; sourceTree = "<group>"; };
		1B25BF1119DE4BD100CC32BC /* RESideMenu.m */ = {isa = PBXFileReference; fileEncoding = 4; lastKnownFileType = sourcecode.c.objc; path = RESideMenu.m; sourceTree = "<group>"; };
		1B25BF1219DE4BD100CC32BC /* UIViewController+RESideMenu.h */ = {isa = PBXFileReference; fileEncoding = 4; lastKnownFileType = sourcecode.c.h; path = "UIViewController+RESideMenu.h"; sourceTree = "<group>"; };
		1B25BF1319DE4BD100CC32BC /* UIViewController+RESideMenu.m */ = {isa = PBXFileReference; fileEncoding = 4; lastKnownFileType = sourcecode.c.objc; path = "UIViewController+RESideMenu.m"; sourceTree = "<group>"; };
		1B25BF1819DE4CA100CC32BC /* ZLLeftMenuViewController.h */ = {isa = PBXFileReference; fileEncoding = 4; lastKnownFileType = sourcecode.c.h; path = ZLLeftMenuViewController.h; sourceTree = "<group>"; };
		1B25BF1919DE4CA100CC32BC /* ZLLeftMenuViewController.m */ = {isa = PBXFileReference; fileEncoding = 4; lastKnownFileType = sourcecode.c.objc; path = ZLLeftMenuViewController.m; sourceTree = "<group>"; };
		1B25BF1A19DE4CA100CC32BC /* ZLStepCountingViewController.h */ = {isa = PBXFileReference; fileEncoding = 4; lastKnownFileType = sourcecode.c.h; path = ZLStepCountingViewController.h; sourceTree = "<group>"; };
		1B25BF1B19DE4CA100CC32BC /* ZLStepCountingViewController.m */ = {isa = PBXFileReference; fileEncoding = 4; lastKnownFileType = sourcecode.c.objc; path = ZLStepCountingViewController.m; sourceTree = "<group>"; };
		1B25BF1E19DE83A500CC32BC /* Images.xcassets */ = {isa = PBXFileReference; lastKnownFileType = folder.assetcatalog; path = Images.xcassets; sourceTree = "<group>"; };
		1B25BF2119DE879700CC32BC /* MDRadialProgressLabel.h */ = {isa = PBXFileReference; fileEncoding = 4; lastKnownFileType = sourcecode.c.h; path = MDRadialProgressLabel.h; sourceTree = "<group>"; };
		1B25BF2219DE879700CC32BC /* MDRadialProgressLabel.m */ = {isa = PBXFileReference; fileEncoding = 4; lastKnownFileType = sourcecode.c.objc; path = MDRadialProgressLabel.m; sourceTree = "<group>"; };
		1B25BF2319DE879700CC32BC /* MDRadialProgressTheme.h */ = {isa = PBXFileReference; fileEncoding = 4; lastKnownFileType = sourcecode.c.h; path = MDRadialProgressTheme.h; sourceTree = "<group>"; };
		1B25BF2419DE879700CC32BC /* MDRadialProgressTheme.m */ = {isa = PBXFileReference; fileEncoding = 4; lastKnownFileType = sourcecode.c.objc; path = MDRadialProgressTheme.m; sourceTree = "<group>"; };
		1B25BF2519DE879700CC32BC /* MDRadialProgressView.h */ = {isa = PBXFileReference; fileEncoding = 4; lastKnownFileType = sourcecode.c.h; path = MDRadialProgressView.h; sourceTree = "<group>"; };
		1B25BF2619DE879700CC32BC /* MDRadialProgressView.m */ = {isa = PBXFileReference; fileEncoding = 4; lastKnownFileType = sourcecode.c.objc; path = MDRadialProgressView.m; sourceTree = "<group>"; };
		1B25BF3C19DEA09600CC32BC /* UIView+CTExtensions.h */ = {isa = PBXFileReference; fileEncoding = 4; lastKnownFileType = sourcecode.c.h; path = "UIView+CTExtensions.h"; sourceTree = "<group>"; };
		1B25BF3D19DEA09600CC32BC /* UIView+CTExtensions.m */ = {isa = PBXFileReference; fileEncoding = 4; lastKnownFileType = sourcecode.c.objc; path = "UIView+CTExtensions.m"; sourceTree = "<group>"; };
		1B25BF3F19DEA0B500CC32BC /* ZLViewController.h */ = {isa = PBXFileReference; fileEncoding = 4; lastKnownFileType = sourcecode.c.h; path = ZLViewController.h; sourceTree = "<group>"; };
		1B25BF4019DEA0B500CC32BC /* ZLViewController.m */ = {isa = PBXFileReference; fileEncoding = 4; lastKnownFileType = sourcecode.c.objc; path = ZLViewController.m; sourceTree = "<group>"; };
		1B25BF4219DEA25E00CC32BC /* UIColor+CTExtensions.h */ = {isa = PBXFileReference; fileEncoding = 4; lastKnownFileType = sourcecode.c.h; path = "UIColor+CTExtensions.h"; sourceTree = "<group>"; };
		1B25BF4319DEA25E00CC32BC /* UIColor+CTExtensions.m */ = {isa = PBXFileReference; fileEncoding = 4; lastKnownFileType = sourcecode.c.objc; path = "UIColor+CTExtensions.m"; sourceTree = "<group>"; };
		1B25BF4C19DECDB700CC32BC /* ZLDevice.h */ = {isa = PBXFileReference; fileEncoding = 4; lastKnownFileType = sourcecode.c.h; path = ZLDevice.h; sourceTree = "<group>"; };
		1B25BF4D19DECDB700CC32BC /* ZLDevice.m */ = {isa = PBXFileReference; fileEncoding = 4; lastKnownFileType = sourcecode.c.objc; path = ZLDevice.m; sourceTree = "<group>"; };
		1B4282D019DFE38C005DB9A3 /* ZLStepCountingViewController.xib */ = {isa = PBXFileReference; fileEncoding = 4; lastKnownFileType = file.xib; path = ZLStepCountingViewController.xib; sourceTree = "<group>"; };
		1B4282D819E00A9F005DB9A3 /* ZLPlayPauseView.h */ = {isa = PBXFileReference; fileEncoding = 4; lastKnownFileType = sourcecode.c.h; path = ZLPlayPauseView.h; sourceTree = "<group>"; };
		1B4282D919E00A9F005DB9A3 /* ZLPlayPauseView.m */ = {isa = PBXFileReference; fileEncoding = 4; lastKnownFileType = sourcecode.c.objc; path = ZLPlayPauseView.m; sourceTree = "<group>"; };
		1B4282DF19E0E243005DB9A3 /* ZLAccelerometerManager.h */ = {isa = PBXFileReference; fileEncoding = 4; lastKnownFileType = sourcecode.c.h; path = ZLAccelerometerManager.h; sourceTree = "<group>"; };
		1B4282E019E0E243005DB9A3 /* ZLAccelerometerManager.m */ = {isa = PBXFileReference; fileEncoding = 4; lastKnownFileType = sourcecode.c.objc; path = ZLAccelerometerManager.m; sourceTree = "<group>"; };
		1B4282E319E0F29C005DB9A3 /* ZLStepsCountDataModel.h */ = {isa = PBXFileReference; fileEncoding = 4; lastKnownFileType = sourcecode.c.h; path = ZLStepsCountDataModel.h; sourceTree = "<group>"; };
		1B4282E419E0F29C005DB9A3 /* ZLStepsCountDataModel.m */ = {isa = PBXFileReference; fileEncoding = 4; lastKnownFileType = sourcecode.c.objc; path = ZLStepsCountDataModel.m; sourceTree = "<group>"; };
		1B4282ED19E260DC005DB9A3 /* ZLLocationManager.h */ = {isa = PBXFileReference; fileEncoding = 4; lastKnownFileType = sourcecode.c.h; path = ZLLocationManager.h; sourceTree = "<group>"; };
		1B4282EE19E260DC005DB9A3 /* ZLLocationManager.m */ = {isa = PBXFileReference; fileEncoding = 4; lastKnownFileType = sourcecode.c.objc; path = ZLLocationManager.m; sourceTree = "<group>"; };
		1B4282F019E26654005DB9A3 /* CoreGraphics.framework */ = {isa = PBXFileReference; lastKnownFileType = wrapper.framework; name = CoreGraphics.framework; path = System/Library/Frameworks/CoreGraphics.framework; sourceTree = SDKROOT; };
		1B42830019E3DCC2005DB9A3 /* FileUtil.h */ = {isa = PBXFileReference; fileEncoding = 4; lastKnownFileType = sourcecode.c.h; path = FileUtil.h; sourceTree = "<group>"; };
		1B42830119E3DCC2005DB9A3 /* FileUtil.m */ = {isa = PBXFileReference; fileEncoding = 4; lastKnownFileType = sourcecode.c.objc; path = FileUtil.m; sourceTree = "<group>"; };
		1B42830319E3E4DB005DB9A3 /* ZLUserInfoDataModel.h */ = {isa = PBXFileReference; fileEncoding = 4; lastKnownFileType = sourcecode.c.h; path = ZLUserInfoDataModel.h; sourceTree = "<group>"; };
		1B42830419E3E4DB005DB9A3 /* ZLUserInfoDataModel.m */ = {isa = PBXFileReference; fileEncoding = 4; lastKnownFileType = sourcecode.c.objc; path = ZLUserInfoDataModel.m; sourceTree = "<group>"; };
		1B42831019E4C05C005DB9A3 /* ZLNaviBackgroundView.h */ = {isa = PBXFileReference; fileEncoding = 4; lastKnownFileType = sourcecode.c.h; path = ZLNaviBackgroundView.h; sourceTree = "<group>"; };
		1B42831119E4C05C005DB9A3 /* ZLNaviBackgroundView.m */ = {isa = PBXFileReference; fileEncoding = 4; lastKnownFileType = sourcecode.c.objc; path = ZLNaviBackgroundView.m; sourceTree = "<group>"; };
		1B42831819E4C2E4005DB9A3 /* ZLSystemParameterUtil.h */ = {isa = PBXFileReference; fileEncoding = 4; lastKnownFileType = sourcecode.c.h; path = ZLSystemParameterUtil.h; sourceTree = "<group>"; };
		1B42831919E4C2E4005DB9A3 /* ZLSystemParameterUtil.m */ = {isa = PBXFileReference; fileEncoding = 4; lastKnownFileType = sourcecode.c.objc; path = ZLSystemParameterUtil.m; sourceTree = "<group>"; };
		1B42831F19E4C902005DB9A3 /* ZLView.h */ = {isa = PBXFileReference; fileEncoding = 4; lastKnownFileType = sourcecode.c.h; path = ZLView.h; sourceTree = "<group>"; };
		1B42832019E4C902005DB9A3 /* ZLView.m */ = {isa = PBXFileReference; fileEncoding = 4; lastKnownFileType = sourcecode.c.objc; path = ZLView.m; sourceTree = "<group>"; };
		1B42832319E4D8A0005DB9A3 /* Foundation+CTExtentions.h */ = {isa = PBXFileReference; fileEncoding = 4; lastKnownFileType = sourcecode.c.h; path = "Foundation+CTExtentions.h"; sourceTree = "<group>"; };
		1B42832419E4D8A0005DB9A3 /* NSArray+CTExtensions.h */ = {isa = PBXFileReference; fileEncoding = 4; lastKnownFileType = sourcecode.c.h; path = "NSArray+CTExtensions.h"; sourceTree = "<group>"; };
		1B42832519E4D8A0005DB9A3 /* NSArray+CTExtensions.m */ = {isa = PBXFileReference; fileEncoding = 4; lastKnownFileType = sourcecode.c.objc; path = "NSArray+CTExtensions.m"; sourceTree = "<group>"; };
		1B42832619E4D8A0005DB9A3 /* NSData+CTExtensions.h */ = {isa = PBXFileReference; fileEncoding = 4; lastKnownFileType = sourcecode.c.h; path = "NSData+CTExtensions.h"; sourceTree = "<group>"; };
		1B42832719E4D8A0005DB9A3 /* NSData+CTExtensions.m */ = {isa = PBXFileReference; fileEncoding = 4; lastKnownFileType = sourcecode.c.objc; path = "NSData+CTExtensions.m"; sourceTree = "<group>"; };
		1B42832819E4D8A0005DB9A3 /* NSDate+CTExtensions.h */ = {isa = PBXFileReference; fileEncoding = 4; lastKnownFileType = sourcecode.c.h; path = "NSDate+CTExtensions.h"; sourceTree = "<group>"; };
		1B42832919E4D8A0005DB9A3 /* NSDate+CTExtensions.m */ = {isa = PBXFileReference; fileEncoding = 4; lastKnownFileType = sourcecode.c.objc; path = "NSDate+CTExtensions.m"; sourceTree = "<group>"; };
		1B42832A19E4D8A0005DB9A3 /* NSDictionary+CTExtensions.h */ = {isa = PBXFileReference; fileEncoding = 4; lastKnownFileType = sourcecode.c.h; path = "NSDictionary+CTExtensions.h"; sourceTree = "<group>"; };
		1B42832B19E4D8A0005DB9A3 /* NSDictionary+CTExtensions.m */ = {isa = PBXFileReference; fileEncoding = 4; lastKnownFileType = sourcecode.c.objc; path = "NSDictionary+CTExtensions.m"; sourceTree = "<group>"; };
		1B42832E19E4D8A0005DB9A3 /* NSInvocation+CTExtensions.h */ = {isa = PBXFileReference; fileEncoding = 4; lastKnownFileType = sourcecode.c.h; path = "NSInvocation+CTExtensions.h"; sourceTree = "<group>"; };
		1B42832F19E4D8A0005DB9A3 /* NSInvocation+CTExtensions.m */ = {isa = PBXFileReference; fileEncoding = 4; lastKnownFileType = sourcecode.c.objc; path = "NSInvocation+CTExtensions.m"; sourceTree = "<group>"; };
		1B42833019E4D8A0005DB9A3 /* NSNotificationCenter+CTExtensions.h */ = {isa = PBXFileReference; fileEncoding = 4; lastKnownFileType = sourcecode.c.h; path = "NSNotificationCenter+CTExtensions.h"; sourceTree = "<group>"; };
		1B42833119E4D8A0005DB9A3 /* NSNotificationCenter+CTExtensions.m */ = {isa = PBXFileReference; fileEncoding = 4; lastKnownFileType = sourcecode.c.objc; path = "NSNotificationCenter+CTExtensions.m"; sourceTree = "<group>"; };
		1B42833419E4D8A0005DB9A3 /* NSString+CTExtensions.h */ = {isa = PBXFileReference; fileEncoding = 4; lastKnownFileType = sourcecode.c.h; path = "NSString+CTExtensions.h"; sourceTree = "<group>"; };
		1B42833519E4D8A0005DB9A3 /* NSString+CTExtensions.m */ = {isa = PBXFileReference; fileEncoding = 4; lastKnownFileType = sourcecode.c.objc; path = "NSString+CTExtensions.m"; sourceTree = "<group>"; };
		1B42833619E4D8A0005DB9A3 /* NSURL+CTExtensions.h */ = {isa = PBXFileReference; fileEncoding = 4; lastKnownFileType = sourcecode.c.h; path = "NSURL+CTExtensions.h"; sourceTree = "<group>"; };
		1B42833719E4D8A0005DB9A3 /* NSURL+CTExtensions.m */ = {isa = PBXFileReference; fileEncoding = 4; lastKnownFileType = sourcecode.c.objc; path = "NSURL+CTExtensions.m"; sourceTree = "<group>"; };
		1B42834319E5219D005DB9A3 /* DRNRealTimeBlurView.h */ = {isa = PBXFileReference; fileEncoding = 4; lastKnownFileType = sourcecode.c.h; path = DRNRealTimeBlurView.h; sourceTree = "<group>"; };
		1B42834419E5219D005DB9A3 /* DRNRealTimeBlurView.m */ = {isa = PBXFileReference; fileEncoding = 4; lastKnownFileType = sourcecode.c.objc; path = DRNRealTimeBlurView.m; sourceTree = "<group>"; };
		1B42834519E5219D005DB9A3 /* UIImage+BoxBlur.h */ = {isa = PBXFileReference; fileEncoding = 4; lastKnownFileType = sourcecode.c.h; path = "UIImage+BoxBlur.h"; sourceTree = "<group>"; };
		1B42834619E5219D005DB9A3 /* UIImage+BoxBlur.m */ = {isa = PBXFileReference; fileEncoding = 4; lastKnownFileType = sourcecode.c.objc; path = "UIImage+BoxBlur.m"; sourceTree = "<group>"; };
		1B42834919E683D7005DB9A3 /* ZLUserRegistView.h */ = {isa = PBXFileReference; fileEncoding = 4; lastKnownFileType = sourcecode.c.h; path = ZLUserRegistView.h; sourceTree = "<group>"; };
		1B42834A19E683D7005DB9A3 /* ZLUserRegistView.m */ = {isa = PBXFileReference; fileEncoding = 4; lastKnownFileType = sourcecode.c.objc; path = ZLUserRegistView.m; sourceTree = "<group>"; };
		438AF8B3111247D6B26DDDD2 /* Pods.xcconfig */ = {isa = PBXFileReference; includeInIndex = 1; lastKnownFileType = text.xcconfig; name = Pods.xcconfig; path = Pods/Pods.xcconfig; sourceTree = "<group>"; };
		C38429C7C31343B193CA44FA /* libPods.a */ = {isa = PBXFileReference; explicitFileType = archive.ar; includeInIndex = 0; path = libPods.a; sourceTree = BUILT_PRODUCTS_DIR; };
/* End PBXFileReference section */

/* Begin PBXFrameworksBuildPhase section */
		1B129AEE19DD661400EAE0DC /* Frameworks */ = {
			isa = PBXFrameworksBuildPhase;
			buildActionMask = 2147483647;
			files = (
				1B4282F119E26655005DB9A3 /* CoreGraphics.framework in Frameworks */,
				1B25BF0419DD66E200CC32BC /* CoreFoundation.framework in Frameworks */,
				1B25BF0519DD66E200CC32BC /* CoreLocation.framework in Frameworks */,
				1B25BF0619DD66E200CC32BC /* CoreMotion.framework in Frameworks */,
				1B25BF0719DD66E200CC32BC /* UIKit.framework in Frameworks */,
				310AE65BEB164825A43188A8 /* libPods.a in Frameworks */,
			);
			runOnlyForDeploymentPostprocessing = 0;
		};
		1B129B0719DD661500EAE0DC /* Frameworks */ = {
			isa = PBXFrameworksBuildPhase;
			buildActionMask = 2147483647;
			files = (
			);
			runOnlyForDeploymentPostprocessing = 0;
		};
/* End PBXFrameworksBuildPhase section */

/* Begin PBXGroup section */
		1B129AE819DD661400EAE0DC = {
			isa = PBXGroup;
			children = (
				1B4282F019E26654005DB9A3 /* CoreGraphics.framework */,
				1B129AF319DD661400EAE0DC /* CuteRun */,
				1B129B0D19DD661500EAE0DC /* CuteRunTests */,
				1B129AF219DD661400EAE0DC /* Products */,
				1B25BF0319DD66CD00CC32BC /* frameworks */,
				438AF8B3111247D6B26DDDD2 /* Pods.xcconfig */,
				D01ED001381145D4B6F73188 /* Frameworks */,
			);
			sourceTree = "<group>";
		};
		1B129AF219DD661400EAE0DC /* Products */ = {
			isa = PBXGroup;
			children = (
				1B129AF119DD661400EAE0DC /* CuteRun.app */,
				1B129B0A19DD661500EAE0DC /* CuteRunTests.xctest */,
			);
			name = Products;
			sourceTree = "<group>";
		};
		1B129AF319DD661400EAE0DC /* CuteRun */ = {
			isa = PBXGroup;
			children = (
				1B25BF3819DEA09600CC32BC /* ZLFoundation */,
				1B25BF0C19DE4BD100CC32BC /* Extern */,
				1B25BF1419DE4BD100CC32BC /* UI */,
				1B4282E219E0EF40005DB9A3 /* DataModel */,
				1B129AF819DD661500EAE0DC /* AppDelegate.h */,
				1B129AF919DD661500EAE0DC /* AppDelegate.m */,
				1B129AF419DD661500EAE0DC /* Supporting Files */,
				1B25BF0919DD671200CC32BC /* Resource */,
			);
			path = CuteRun;
			sourceTree = "<group>";
		};
		1B129AF419DD661500EAE0DC /* Supporting Files */ = {
			isa = PBXGroup;
			children = (
				1B129AF519DD661500EAE0DC /* Info.plist */,
				1B129AF619DD661500EAE0DC /* main.m */,
			);
			name = "Supporting Files";
			sourceTree = "<group>";
		};
		1B129B0D19DD661500EAE0DC /* CuteRunTests */ = {
			isa = PBXGroup;
			children = (
				1B129B1019DD661500EAE0DC /* CuteRunTests.m */,
				1B129B0E19DD661500EAE0DC /* Supporting Files */,
			);
			path = CuteRunTests;
			sourceTree = "<group>";
		};
		1B129B0E19DD661500EAE0DC /* Supporting Files */ = {
			isa = PBXGroup;
			children = (
				1B129B0F19DD661500EAE0DC /* Info.plist */,
			);
			name = "Supporting Files";
			sourceTree = "<group>";
		};
		1B25BF0319DD66CD00CC32BC /* frameworks */ = {
			isa = PBXGroup;
			children = (
				1B25BF0119DD66C600CC32BC /* CoreFoundation.framework */,
				1B25BEFF19DD66C200CC32BC /* CoreLocation.framework */,
				1B25BEFD19DD66BD00CC32BC /* CoreMotion.framework */,
				1B25BEFB19DD66B600CC32BC /* UIKit.framework */,
			);
			name = frameworks;
			sourceTree = "<group>";
		};
		1B25BF0919DD671200CC32BC /* Resource */ = {
			isa = PBXGroup;
			children = (
				1B25BF1E19DE83A500CC32BC /* Images.xcassets */,
			);
			path = Resource;
			sourceTree = "<group>";
		};
		1B25BF0C19DE4BD100CC32BC /* Extern */ = {
			isa = PBXGroup;
			children = (
				1B42834219E5219D005DB9A3 /* RealTimeBlurView */,
				1B4282EC19E260DC005DB9A3 /* ZLLocationManager */,
				1B4282DE19E0E243005DB9A3 /* ZLAccelerometerManager */,
				1B4282D719E00A59005DB9A3 /* PlayPauseView */,
				1B25BF2019DE879700CC32BC /* RadiaProgress */,
				1B25BF0D19DE4BD100CC32BC /* RESideMenu */,
			);
			path = Extern;
			sourceTree = "<group>";
		};
		1B25BF0D19DE4BD100CC32BC /* RESideMenu */ = {
			isa = PBXGroup;
			children = (
				1B25BF0E19DE4BD100CC32BC /* RECommonFunctions.h */,
				1B25BF0F19DE4BD100CC32BC /* RECommonFunctions.m */,
				1B25BF1019DE4BD100CC32BC /* RESideMenu.h */,
				1B25BF1119DE4BD100CC32BC /* RESideMenu.m */,
				1B25BF1219DE4BD100CC32BC /* UIViewController+RESideMenu.h */,
				1B25BF1319DE4BD100CC32BC /* UIViewController+RESideMenu.m */,
			);
			path = RESideMenu;
			sourceTree = "<group>";
		};
		1B25BF1419DE4BD100CC32BC /* UI */ = {
			isa = PBXGroup;
			children = (
				1B42830F19E4C05C005DB9A3 /* VIew */,
				1B25BF1819DE4CA100CC32BC /* ZLLeftMenuViewController.h */,
				1B25BF1919DE4CA100CC32BC /* ZLLeftMenuViewController.m */,
				1B25BF1A19DE4CA100CC32BC /* ZLStepCountingViewController.h */,
				1B25BF1B19DE4CA100CC32BC /* ZLStepCountingViewController.m */,
				1B4282D019DFE38C005DB9A3 /* ZLStepCountingViewController.xib */,
			);
			path = UI;
			sourceTree = "<group>";
		};
		1B25BF2019DE879700CC32BC /* RadiaProgress */ = {
			isa = PBXGroup;
			children = (
				1B25BF2119DE879700CC32BC /* MDRadialProgressLabel.h */,
				1B25BF2219DE879700CC32BC /* MDRadialProgressLabel.m */,
				1B25BF2319DE879700CC32BC /* MDRadialProgressTheme.h */,
				1B25BF2419DE879700CC32BC /* MDRadialProgressTheme.m */,
				1B25BF2519DE879700CC32BC /* MDRadialProgressView.h */,
				1B25BF2619DE879700CC32BC /* MDRadialProgressView.m */,
			);
			path = RadiaProgress;
			sourceTree = "<group>";
		};
		1B25BF3819DEA09600CC32BC /* ZLFoundation */ = {
			isa = PBXGroup;
			children = (
				1B42832219E4D8A0005DB9A3 /* FoundationKit */,
				1B4282FF19E3DCC2005DB9A3 /* Utils */,
				1B25BF4B19DECDB700CC32BC /* Device */,
				1B25BF3919DEA09600CC32BC /* UIKit */,
			);
			path = ZLFoundation;
			sourceTree = "<group>";
		};
		1B25BF3919DEA09600CC32BC /* UIKit */ = {
			isa = PBXGroup;
			children = (
				1B25BF3A19DEA09600CC32BC /* BaseClass */,
				1B25BF3B19DEA09600CC32BC /* Extension */,
			);
			path = UIKit;
			sourceTree = "<group>";
		};
		1B25BF3A19DEA09600CC32BC /* BaseClass */ = {
			isa = PBXGroup;
			children = (
				1B25BF3F19DEA0B500CC32BC /* ZLViewController.h */,
				1B25BF4019DEA0B500CC32BC /* ZLViewController.m */,
				1B42831F19E4C902005DB9A3 /* ZLView.h */,
				1B42832019E4C902005DB9A3 /* ZLView.m */,
			);
			path = BaseClass;
			sourceTree = "<group>";
		};
		1B25BF3B19DEA09600CC32BC /* Extension */ = {
			isa = PBXGroup;
			children = (
				1B25BF4219DEA25E00CC32BC /* UIColor+CTExtensions.h */,
				1B25BF4319DEA25E00CC32BC /* UIColor+CTExtensions.m */,
				1B25BF3C19DEA09600CC32BC /* UIView+CTExtensions.h */,
				1B25BF3D19DEA09600CC32BC /* UIView+CTExtensions.m */,
			);
			path = Extension;
			sourceTree = "<group>";
		};
		1B25BF4B19DECDB700CC32BC /* Device */ = {
			isa = PBXGroup;
			children = (
				1B25BF4C19DECDB700CC32BC /* ZLDevice.h */,
				1B25BF4D19DECDB700CC32BC /* ZLDevice.m */,
			);
			path = Device;
			sourceTree = "<group>";
		};
		1B4282D719E00A59005DB9A3 /* PlayPauseView */ = {
			isa = PBXGroup;
			children = (
				1B4282D819E00A9F005DB9A3 /* ZLPlayPauseView.h */,
				1B4282D919E00A9F005DB9A3 /* ZLPlayPauseView.m */,
			);
			path = PlayPauseView;
			sourceTree = "<group>";
		};
		1B4282DE19E0E243005DB9A3 /* ZLAccelerometerManager */ = {
			isa = PBXGroup;
			children = (
				1B4282DF19E0E243005DB9A3 /* ZLAccelerometerManager.h */,
				1B4282E019E0E243005DB9A3 /* ZLAccelerometerManager.m */,
			);
			path = ZLAccelerometerManager;
			sourceTree = "<group>";
		};
		1B4282E219E0EF40005DB9A3 /* DataModel */ = {
			isa = PBXGroup;
			children = (
				1B4282E319E0F29C005DB9A3 /* ZLStepsCountDataModel.h */,
				1B4282E419E0F29C005DB9A3 /* ZLStepsCountDataModel.m */,
				1B42830319E3E4DB005DB9A3 /* ZLUserInfoDataModel.h */,
				1B42830419E3E4DB005DB9A3 /* ZLUserInfoDataModel.m */,
			);
			path = DataModel;
			sourceTree = "<group>";
		};
		1B4282EC19E260DC005DB9A3 /* ZLLocationManager */ = {
			isa = PBXGroup;
			children = (
				1B4282ED19E260DC005DB9A3 /* ZLLocationManager.h */,
				1B4282EE19E260DC005DB9A3 /* ZLLocationManager.m */,
			);
			path = ZLLocationManager;
			sourceTree = "<group>";
		};
		1B4282FF19E3DCC2005DB9A3 /* Utils */ = {
			isa = PBXGroup;
			children = (
				1B42830019E3DCC2005DB9A3 /* FileUtil.h */,
				1B42830119E3DCC2005DB9A3 /* FileUtil.m */,
				1B42831819E4C2E4005DB9A3 /* ZLSystemParameterUtil.h */,
				1B42831919E4C2E4005DB9A3 /* ZLSystemParameterUtil.m */,
			);
			path = Utils;
			sourceTree = "<group>";
		};
		1B42830F19E4C05C005DB9A3 /* VIew */ = {
			isa = PBXGroup;
			children = (
				1B42834919E683D7005DB9A3 /* ZLUserRegistView.h */,
				1B42834A19E683D7005DB9A3 /* ZLUserRegistView.m */,
				1B42831019E4C05C005DB9A3 /* ZLNaviBackgroundView.h */,
				1B42831119E4C05C005DB9A3 /* ZLNaviBackgroundView.m */,
			);
			path = VIew;
			sourceTree = "<group>";
		};
		1B42832219E4D8A0005DB9A3 /* FoundationKit */ = {
			isa = PBXGroup;
			children = (
				1B42832319E4D8A0005DB9A3 /* Foundation+CTExtentions.h */,
				1B42832419E4D8A0005DB9A3 /* NSArray+CTExtensions.h */,
				1B42832519E4D8A0005DB9A3 /* NSArray+CTExtensions.m */,
				1B42832619E4D8A0005DB9A3 /* NSData+CTExtensions.h */,
				1B42832719E4D8A0005DB9A3 /* NSData+CTExtensions.m */,
				1B42832819E4D8A0005DB9A3 /* NSDate+CTExtensions.h */,
				1B42832919E4D8A0005DB9A3 /* NSDate+CTExtensions.m */,
				1B42832A19E4D8A0005DB9A3 /* NSDictionary+CTExtensions.h */,
				1B42832B19E4D8A0005DB9A3 /* NSDictionary+CTExtensions.m */,
				1B42832E19E4D8A0005DB9A3 /* NSInvocation+CTExtensions.h */,
				1B42832F19E4D8A0005DB9A3 /* NSInvocation+CTExtensions.m */,
				1B42833019E4D8A0005DB9A3 /* NSNotificationCenter+CTExtensions.h */,
				1B42833119E4D8A0005DB9A3 /* NSNotificationCenter+CTExtensions.m */,
				1B42833419E4D8A0005DB9A3 /* NSString+CTExtensions.h */,
				1B42833519E4D8A0005DB9A3 /* NSString+CTExtensions.m */,
				1B42833619E4D8A0005DB9A3 /* NSURL+CTExtensions.h */,
				1B42833719E4D8A0005DB9A3 /* NSURL+CTExtensions.m */,
			);
			path = FoundationKit;
			sourceTree = "<group>";
		};
		1B42834219E5219D005DB9A3 /* RealTimeBlurView */ = {
			isa = PBXGroup;
			children = (
				1B42834319E5219D005DB9A3 /* DRNRealTimeBlurView.h */,
				1B42834419E5219D005DB9A3 /* DRNRealTimeBlurView.m */,
				1B42834519E5219D005DB9A3 /* UIImage+BoxBlur.h */,
				1B42834619E5219D005DB9A3 /* UIImage+BoxBlur.m */,
			);
			path = RealTimeBlurView;
			sourceTree = "<group>";
		};
		D01ED001381145D4B6F73188 /* Frameworks */ = {
			isa = PBXGroup;
			children = (
				C38429C7C31343B193CA44FA /* libPods.a */,
			);
			name = Frameworks;
			sourceTree = "<group>";
		};
/* End PBXGroup section */

/* Begin PBXNativeTarget section */
		1B129AF019DD661400EAE0DC /* CuteRun */ = {
			isa = PBXNativeTarget;
			buildConfigurationList = 1B129B1419DD661500EAE0DC /* Build configuration list for PBXNativeTarget "CuteRun" */;
			buildPhases = (
				1727B413196A47A6B987BFDB /* Check Pods Manifest.lock */,
				1B129AED19DD661400EAE0DC /* Sources */,
				1B129AEE19DD661400EAE0DC /* Frameworks */,
				1B129AEF19DD661400EAE0DC /* Resources */,
				2DD25F46CF22494EB5D19C7E /* Copy Pods Resources */,
			);
			buildRules = (
			);
			dependencies = (
			);
			name = CuteRun;
			productName = CuteRun;
			productReference = 1B129AF119DD661400EAE0DC /* CuteRun.app */;
			productType = "com.apple.product-type.application";
		};
		1B129B0919DD661500EAE0DC /* CuteRunTests */ = {
			isa = PBXNativeTarget;
			buildConfigurationList = 1B129B1719DD661500EAE0DC /* Build configuration list for PBXNativeTarget "CuteRunTests" */;
			buildPhases = (
				1B129B0619DD661500EAE0DC /* Sources */,
				1B129B0719DD661500EAE0DC /* Frameworks */,
				1B129B0819DD661500EAE0DC /* Resources */,
			);
			buildRules = (
			);
			dependencies = (
				1B129B0C19DD661500EAE0DC /* PBXTargetDependency */,
			);
			name = CuteRunTests;
			productName = CuteRunTests;
			productReference = 1B129B0A19DD661500EAE0DC /* CuteRunTests.xctest */;
			productType = "com.apple.product-type.bundle.unit-test";
		};
/* End PBXNativeTarget section */

/* Begin PBXProject section */
		1B129AE919DD661400EAE0DC /* Project object */ = {
			isa = PBXProject;
			attributes = {
				LastUpgradeCheck = 0600;
				ORGANIZATIONNAME = com.zhaoleili.cuterun;
				TargetAttributes = {
					1B129AF019DD661400EAE0DC = {
						CreatedOnToolsVersion = 6.0.1;
						DevelopmentTeam = A72S6ZQF4S;
					};
					1B129B0919DD661500EAE0DC = {
						CreatedOnToolsVersion = 6.0.1;
						TestTargetID = 1B129AF019DD661400EAE0DC;
					};
				};
			};
			buildConfigurationList = 1B129AEC19DD661400EAE0DC /* Build configuration list for PBXProject "CuteRun" */;
			compatibilityVersion = "Xcode 3.2";
			developmentRegion = English;
			hasScannedForEncodings = 0;
			knownRegions = (
				en,
				Base,
			);
			mainGroup = 1B129AE819DD661400EAE0DC;
			productRefGroup = 1B129AF219DD661400EAE0DC /* Products */;
			projectDirPath = "";
			projectRoot = "";
			targets = (
				1B129AF019DD661400EAE0DC /* CuteRun */,
				1B129B0919DD661500EAE0DC /* CuteRunTests */,
			);
		};
/* End PBXProject section */

/* Begin PBXResourcesBuildPhase section */
		1B129AEF19DD661400EAE0DC /* Resources */ = {
			isa = PBXResourcesBuildPhase;
			buildActionMask = 2147483647;
			files = (
				1B25BF1F19DE83A500CC32BC /* Images.xcassets in Resources */,
				1B4282D119DFE38C005DB9A3 /* ZLStepCountingViewController.xib in Resources */,
			);
			runOnlyForDeploymentPostprocessing = 0;
		};
		1B129B0819DD661500EAE0DC /* Resources */ = {
			isa = PBXResourcesBuildPhase;
			buildActionMask = 2147483647;
			files = (
			);
			runOnlyForDeploymentPostprocessing = 0;
		};
/* End PBXResourcesBuildPhase section */

/* Begin PBXShellScriptBuildPhase section */
		1727B413196A47A6B987BFDB /* Check Pods Manifest.lock */ = {
			isa = PBXShellScriptBuildPhase;
			buildActionMask = 2147483647;
			files = (
			);
			inputPaths = (
			);
			name = "Check Pods Manifest.lock";
			outputPaths = (
			);
			runOnlyForDeploymentPostprocessing = 0;
			shellPath = /bin/sh;
			shellScript = "diff \"${PODS_ROOT}/../Podfile.lock\" \"${PODS_ROOT}/Manifest.lock\" > /dev/null\nif [[ $? != 0 ]] ; then\n    cat << EOM\nerror: The sandbox is not in sync with the Podfile.lock. Run 'pod install' or update your CocoaPods installation.\nEOM\n    exit 1\nfi\n";
			showEnvVarsInLog = 0;
		};
		2DD25F46CF22494EB5D19C7E /* Copy Pods Resources */ = {
			isa = PBXShellScriptBuildPhase;
			buildActionMask = 2147483647;
			files = (
			);
			inputPaths = (
			);
			name = "Copy Pods Resources";
			outputPaths = (
			);
			runOnlyForDeploymentPostprocessing = 0;
			shellPath = /bin/sh;
			shellScript = "\"${SRCROOT}/Pods/Pods-resources.sh\"\n";
			showEnvVarsInLog = 0;
		};
/* End PBXShellScriptBuildPhase section */

/* Begin PBXSourcesBuildPhase section */
		1B129AED19DD661400EAE0DC /* Sources */ = {
			isa = PBXSourcesBuildPhase;
			buildActionMask = 2147483647;
			files = (
				1B42831419E4C05C005DB9A3 /* ZLNaviBackgroundView.m in Sources */,
				1B25BF1619DE4BD100CC32BC /* RESideMenu.m in Sources */,
				1B42833E19E4D8A0005DB9A3 /* NSNotificationCenter+CTExtensions.m in Sources */,
				1B129AFA19DD661500EAE0DC /* AppDelegate.m in Sources */,
				1B25BF4419DEA25E00CC32BC /* UIColor+CTExtensions.m in Sources */,
				1B4282EF19E260DC005DB9A3 /* ZLLocationManager.m in Sources */,
				1B25BF4119DEA0B500CC32BC /* ZLViewController.m in Sources */,
				1B25BF1C19DE4CA100CC32BC /* ZLLeftMenuViewController.m in Sources */,
				1B42833B19E4D8A0005DB9A3 /* NSDictionary+CTExtensions.m in Sources */,
				1B4282E519E0F29C005DB9A3 /* ZLStepsCountDataModel.m in Sources */,
				1B25BF2919DE879700CC32BC /* MDRadialProgressView.m in Sources */,
				1B42834C19E683D7005DB9A3 /* ZLUserRegistView.m in Sources */,
				1B25BF1719DE4BD100CC32BC /* UIViewController+RESideMenu.m in Sources */,
				1B25BF1519DE4BD100CC32BC /* RECommonFunctions.m in Sources */,
				1B25BF2719DE879700CC32BC /* MDRadialProgressLabel.m in Sources */,
				1B25BF4E19DECDB700CC32BC /* ZLDevice.m in Sources */,
				1B42830519E3E4DB005DB9A3 /* ZLUserInfoDataModel.m in Sources */,
				1B25BF1D19DE4CA100CC32BC /* ZLStepCountingViewController.m in Sources */,
				1B42833A19E4D8A0005DB9A3 /* NSDate+CTExtensions.m in Sources */,
				1B42834819E5219D005DB9A3 /* UIImage+BoxBlur.m in Sources */,
				1B25BF2819DE879700CC32BC /* MDRadialProgressTheme.m in Sources */,
				1B42833819E4D8A0005DB9A3 /* NSArray+CTExtensions.m in Sources */,
				1B42830219E3DCC2005DB9A3 /* FileUtil.m in Sources */,
				1B25BF3E19DEA09600CC32BC /* UIView+CTExtensions.m in Sources */,
				1B129AF719DD661500EAE0DC /* main.m in Sources */,
				1B4282DA19E00A9F005DB9A3 /* ZLPlayPauseView.m in Sources */,
				1B42832119E4C903005DB9A3 /* ZLView.m in Sources */,
				1B42831A19E4C2E4005DB9A3 /* ZLSystemParameterUtil.m in Sources */,
				1B42834719E5219D005DB9A3 /* DRNRealTimeBlurView.m in Sources */,
				1B42833919E4D8A0005DB9A3 /* NSData+CTExtensions.m in Sources */,
				1B42834019E4D8A0005DB9A3 /* NSString+CTExtensions.m in Sources */,
				1B42833D19E4D8A0005DB9A3 /* NSInvocation+CTExtensions.m in Sources */,
				1B42834119E4D8A0005DB9A3 /* NSURL+CTExtensions.m in Sources */,
				1B4282E119E0E243005DB9A3 /* ZLAccelerometerManager.m in Sources */,
			);
			runOnlyForDeploymentPostprocessing = 0;
		};
		1B129B0619DD661500EAE0DC /* Sources */ = {
			isa = PBXSourcesBuildPhase;
			buildActionMask = 2147483647;
			files = (
				1B129B1119DD661500EAE0DC /* CuteRunTests.m in Sources */,
			);
			runOnlyForDeploymentPostprocessing = 0;
		};
/* End PBXSourcesBuildPhase section */

/* Begin PBXTargetDependency section */
		1B129B0C19DD661500EAE0DC /* PBXTargetDependency */ = {
			isa = PBXTargetDependency;
			target = 1B129AF019DD661400EAE0DC /* CuteRun */;
			targetProxy = 1B129B0B19DD661500EAE0DC /* PBXContainerItemProxy */;
		};
/* End PBXTargetDependency section */

/* Begin XCBuildConfiguration section */
		1B129B1219DD661500EAE0DC /* Debug */ = {
			isa = XCBuildConfiguration;
			buildSettings = {
				ALWAYS_SEARCH_USER_PATHS = NO;
				CLANG_CXX_LANGUAGE_STANDARD = "gnu++0x";
				CLANG_CXX_LIBRARY = "libc++";
				CLANG_ENABLE_MODULES = YES;
				CLANG_ENABLE_OBJC_ARC = YES;
				CLANG_WARN_BOOL_CONVERSION = YES;
				CLANG_WARN_CONSTANT_CONVERSION = YES;
				CLANG_WARN_DIRECT_OBJC_ISA_USAGE = YES_ERROR;
				CLANG_WARN_EMPTY_BODY = YES;
				CLANG_WARN_ENUM_CONVERSION = YES;
				CLANG_WARN_INT_CONVERSION = YES;
				CLANG_WARN_OBJC_ROOT_CLASS = YES_ERROR;
				CLANG_WARN_UNREACHABLE_CODE = YES;
				CLANG_WARN__DUPLICATE_METHOD_MATCH = YES;
				"CODE_SIGN_IDENTITY[sdk=iphoneos*]" = "iPhone Developer";
				COPY_PHASE_STRIP = NO;
				ENABLE_STRICT_OBJC_MSGSEND = YES;
				GCC_C_LANGUAGE_STANDARD = gnu99;
				GCC_DYNAMIC_NO_PIC = NO;
				GCC_OPTIMIZATION_LEVEL = 0;
				GCC_PREPROCESSOR_DEFINITIONS = (
					"DEBUG=1",
					"$(inherited)",
				);
				GCC_SYMBOLS_PRIVATE_EXTERN = NO;
				GCC_WARN_64_TO_32_BIT_CONVERSION = YES;
				GCC_WARN_ABOUT_RETURN_TYPE = YES_ERROR;
				GCC_WARN_UNDECLARED_SELECTOR = YES;
				GCC_WARN_UNINITIALIZED_AUTOS = YES_AGGRESSIVE;
				GCC_WARN_UNUSED_FUNCTION = YES;
				GCC_WARN_UNUSED_VARIABLE = YES;
				IPHONEOS_DEPLOYMENT_TARGET = 6.0;
				MTL_ENABLE_DEBUG_INFO = YES;
				ONLY_ACTIVE_ARCH = YES;
				SDKROOT = iphoneos;
			};
			name = Debug;
		};
		1B129B1319DD661500EAE0DC /* Release */ = {
			isa = XCBuildConfiguration;
			buildSettings = {
				ALWAYS_SEARCH_USER_PATHS = NO;
				CLANG_CXX_LANGUAGE_STANDARD = "gnu++0x";
				CLANG_CXX_LIBRARY = "libc++";
				CLANG_ENABLE_MODULES = YES;
				CLANG_ENABLE_OBJC_ARC = YES;
				CLANG_WARN_BOOL_CONVERSION = YES;
				CLANG_WARN_CONSTANT_CONVERSION = YES;
				CLANG_WARN_DIRECT_OBJC_ISA_USAGE = YES_ERROR;
				CLANG_WARN_EMPTY_BODY = YES;
				CLANG_WARN_ENUM_CONVERSION = YES;
				CLANG_WARN_INT_CONVERSION = YES;
				CLANG_WARN_OBJC_ROOT_CLASS = YES_ERROR;
				CLANG_WARN_UNREACHABLE_CODE = YES;
				CLANG_WARN__DUPLICATE_METHOD_MATCH = YES;
				"CODE_SIGN_IDENTITY[sdk=iphoneos*]" = "iPhone Developer";
				COPY_PHASE_STRIP = YES;
				ENABLE_NS_ASSERTIONS = NO;
				ENABLE_STRICT_OBJC_MSGSEND = YES;
				GCC_C_LANGUAGE_STANDARD = gnu99;
				GCC_WARN_64_TO_32_BIT_CONVERSION = YES;
				GCC_WARN_ABOUT_RETURN_TYPE = YES_ERROR;
				GCC_WARN_UNDECLARED_SELECTOR = YES;
				GCC_WARN_UNINITIALIZED_AUTOS = YES_AGGRESSIVE;
				GCC_WARN_UNUSED_FUNCTION = YES;
				GCC_WARN_UNUSED_VARIABLE = YES;
				IPHONEOS_DEPLOYMENT_TARGET = 6.0;
				MTL_ENABLE_DEBUG_INFO = NO;
				SDKROOT = iphoneos;
				VALIDATE_PRODUCT = YES;
			};
			name = Release;
		};
		1B129B1519DD661500EAE0DC /* Debug */ = {
			isa = XCBuildConfiguration;
			baseConfigurationReference = 438AF8B3111247D6B26DDDD2 /* Pods.xcconfig */;
			buildSettings = {
				ASSETCATALOG_COMPILER_APPICON_NAME = AppIcon;
				ASSETCATALOG_COMPILER_LAUNCHIMAGE_NAME = LaunchImage;
				CODE_SIGN_IDENTITY = "iPhone Developer: Zhaolei Li (4R5D3MW52L)";
				INFOPLIST_FILE = CuteRun/Info.plist;
				IPHONEOS_DEPLOYMENT_TARGET = 6.0;
				LD_RUNPATH_SEARCH_PATHS = "$(inherited) @executable_path/Frameworks";
				PRODUCT_NAME = "$(TARGET_NAME)";
			};
			name = Debug;
		};
		1B129B1619DD661500EAE0DC /* Release */ = {
			isa = XCBuildConfiguration;
			baseConfigurationReference = 438AF8B3111247D6B26DDDD2 /* Pods.xcconfig */;
			buildSettings = {
				ASSETCATALOG_COMPILER_APPICON_NAME = AppIcon;
				ASSETCATALOG_COMPILER_LAUNCHIMAGE_NAME = LaunchImage;
				CODE_SIGN_IDENTITY = "iPhone Developer: Zhaolei Li (4R5D3MW52L)";
				INFOPLIST_FILE = CuteRun/Info.plist;
				IPHONEOS_DEPLOYMENT_TARGET = 6.0;
				LD_RUNPATH_SEARCH_PATHS = "$(inherited) @executable_path/Frameworks";
				PRODUCT_NAME = "$(TARGET_NAME)";
			};
			name = Release;
		};
		1B129B1819DD661500EAE0DC /* Debug */ = {
			isa = XCBuildConfiguration;
			buildSettings = {
				BUNDLE_LOADER = "$(TEST_HOST)";
				FRAMEWORK_SEARCH_PATHS = (
					"$(SDKROOT)/Developer/Library/Frameworks",
					"$(inherited)",
				);
				GCC_PREPROCESSOR_DEFINITIONS = (
					"DEBUG=1",
					"$(inherited)",
				);
				INFOPLIST_FILE = CuteRunTests/Info.plist;
				LD_RUNPATH_SEARCH_PATHS = "$(inherited) @executable_path/Frameworks @loader_path/Frameworks";
				PRODUCT_NAME = "$(TARGET_NAME)";
				TEST_HOST = "$(BUILT_PRODUCTS_DIR)/CuteRun.app/CuteRun";
			};
			name = Debug;
		};
		1B129B1919DD661500EAE0DC /* Release */ = {
			isa = XCBuildConfiguration;
			buildSettings = {
				BUNDLE_LOADER = "$(TEST_HOST)";
				FRAMEWORK_SEARCH_PATHS = (
					"$(SDKROOT)/Developer/Library/Frameworks",
					"$(inherited)",
				);
				INFOPLIST_FILE = CuteRunTests/Info.plist;
				LD_RUNPATH_SEARCH_PATHS = "$(inherited) @executable_path/Frameworks @loader_path/Frameworks";
				PRODUCT_NAME = "$(TARGET_NAME)";
				TEST_HOST = "$(BUILT_PRODUCTS_DIR)/CuteRun.app/CuteRun";
			};
			name = Release;
		};
/* End XCBuildConfiguration section */

/* Begin XCConfigurationList section */
		1B129AEC19DD661400EAE0DC /* Build configuration list for PBXProject "CuteRun" */ = {
			isa = XCConfigurationList;
			buildConfigurations = (
				1B129B1219DD661500EAE0DC /* Debug */,
				1B129B1319DD661500EAE0DC /* Release */,
			);
			defaultConfigurationIsVisible = 0;
			defaultConfigurationName = Release;
		};
		1B129B1419DD661500EAE0DC /* Build configuration list for PBXNativeTarget "CuteRun" */ = {
			isa = XCConfigurationList;
			buildConfigurations = (
				1B129B1519DD661500EAE0DC /* Debug */,
				1B129B1619DD661500EAE0DC /* Release */,
			);
			defaultConfigurationIsVisible = 0;
			defaultConfigurationName = Release;
		};
		1B129B1719DD661500EAE0DC /* Build configuration list for PBXNativeTarget "CuteRunTests" */ = {
			isa = XCConfigurationList;
			buildConfigurations = (
				1B129B1819DD661500EAE0DC /* Debug */,
				1B129B1919DD661500EAE0DC /* Release */,
			);
			defaultConfigurationIsVisible = 0;
			defaultConfigurationName = Release;
		};
/* End XCConfigurationList section */
	};
	rootObject = 1B129AE919DD661400EAE0DC /* Project object */;
}
